
Microsoft Visual Studio Solution File, Format Version 12.00
# Visual Studio 15
VisualStudioVersion = 15.0.27703.2047
MinimumVisualStudioVersion = 10.0.40219.1
Project("{FAE04EC0-301F-11D3-BF4B-00C04F79EFBC}") = "Ejercicio_01", "Ejercicio_01\Ejercicio_01.csproj", "{B8238C44-2134-46C5-8F0A-D9C0CA02CE67}"
EndProject
Project("{FAE04EC0-301F-11D3-BF4B-00C04F79EFBC}") = "Ejercicio_02", "Ejercicio_02\Ejercicio_02.csproj", "{2F1C5DB6-5FE5-4828-BE45-E9A6A7B68759}"
EndProject
Project("{FAE04EC0-301F-11D3-BF4B-00C04F79EFBC}") = "Ejercicio_03", "Ejercicio 03\Ejercicio_03.csproj", "{306BA52C-907F-4E10-ABD2-4D615DB4C462}"
EndProject
Project("{FAE04EC0-301F-11D3-BF4B-00C04F79EFBC}") = "Ejercicio_04", "Ejercicio_04\Ejercicio_04.csproj", "{658E8588-DF8B-4B9B-A708-2B0C43FB21D7}"
EndProject
Global
	GlobalSection(SolutionConfigurationPlatforms) = preSolution
		Debug|Any CPU = Debug|Any CPU
		Release|Any CPU = Release|Any CPU
	EndGlobalSection
	GlobalSection(ProjectConfigurationPlatforms) = postSolution
		{B8238C44-2134-46C5-8F0A-D9C0CA02CE67}.Debug|Any CPU.ActiveCfg = Debug|Any CPU
		{B8238C44-2134-46C5-8F0A-D9C0CA02CE67}.Debug|Any CPU.Build.0 = Debug|Any CPU
		{B8238C44-2134-46C5-8F0A-D9C0CA02CE67}.Release|Any CPU.ActiveCfg = Release|Any CPU
		{B8238C44-2134-46C5-8F0A-D9C0CA02CE67}.Release|Any CPU.Build.0 = Release|Any CPU
		{2F1C5DB6-5FE5-4828-BE45-E9A6A7B68759}.Debug|Any CPU.ActiveCfg = Debug|Any CPU
		{2F1C5DB6-5FE5-4828-BE45-E9A6A7B68759}.Debug|Any CPU.Build.0 = Debug|Any CPU
		{2F1C5DB6-5FE5-4828-BE45-E9A6A7B68759}.Release|Any CPU.ActiveCfg = Release|Any CPU
		{2F1C5DB6-5FE5-4828-BE45-E9A6A7B68759}.Release|Any CPU.Build.0 = Release|Any CPU
		{306BA52C-907F-4E10-ABD2-4D615DB4C462}.Debug|Any CPU.ActiveCfg = Debug|Any CPU
		{306BA52C-907F-4E10-ABD2-4D615DB4C462}.Debug|Any CPU.Build.0 = Debug|Any CPU
		{306BA52C-907F-4E10-ABD2-4D615DB4C462}.Release|Any CPU.ActiveCfg = Release|Any CPU
		{306BA52C-907F-4E10-ABD2-4D615DB4C462}.Release|Any CPU.Build.0 = Release|Any CPU
		{658E8588-DF8B-4B9B-A708-2B0C43FB21D7}.Debug|Any CPU.ActiveCfg = Debug|Any CPU
		{658E8588-DF8B-4B9B-A708-2B0C43FB21D7}.Debug|Any CPU.Build.0 = Debug|Any CPU
		{658E8588-DF8B-4B9B-A708-2B0C43FB21D7}.Release|Any CPU.ActiveCfg = Release|Any CPU
		{658E8588-DF8B-4B9B-A708-2B0C43FB21D7}.Release|Any CPU.Build.0 = Release|Any CPU
	EndGlobalSection
	GlobalSection(SolutionProperties) = preSolution
		HideSolutionNode = FALSE
	EndGlobalSection
	GlobalSection(ExtensibilityGlobals) = postSolution
		SolutionGuid = {A71B3757-55CE-4444-A1E6-2524A090F0FC}
	EndGlobalSection
EndGlobal
