
Microsoft Visual Studio Solution File, Format Version 12.00
# Visual Studio 15
VisualStudioVersion = 15.0.27703.2047
MinimumVisualStudioVersion = 10.0.40219.1
Project("{FAE04EC0-301F-11D3-BF4B-00C04F79EFBC}") = "CentralitaHerencia", "Central Telefonica\CentralitaHerencia.csproj", "{F6DD90E4-F299-4A99-B0A6-73F8B3974F5F}"
EndProject
Global
	GlobalSection(SolutionConfigurationPlatforms) = preSolution
		Debug|Any CPU = Debug|Any CPU
		Release|Any CPU = Release|Any CPU
	EndGlobalSection
	GlobalSection(ProjectConfigurationPlatforms) = postSolution
		{F6DD90E4-F299-4A99-B0A6-73F8B3974F5F}.Debug|Any CPU.ActiveCfg = Debug|Any CPU
		{F6DD90E4-F299-4A99-B0A6-73F8B3974F5F}.Debug|Any CPU.Build.0 = Debug|Any CPU
		{F6DD90E4-F299-4A99-B0A6-73F8B3974F5F}.Release|Any CPU.ActiveCfg = Release|Any CPU
		{F6DD90E4-F299-4A99-B0A6-73F8B3974F5F}.Release|Any CPU.Build.0 = Release|Any CPU
	EndGlobalSection
	GlobalSection(SolutionProperties) = preSolution
		HideSolutionNode = FALSE
	EndGlobalSection
	GlobalSection(ExtensibilityGlobals) = postSolution
		SolutionGuid = {44409B19-A7D1-4471-A31D-61081A1DECA3}
	EndGlobalSection
EndGlobal
